
Microsoft Visual Studio Solution File, Format Version 12.00
# Visual Studio 15
VisualStudioVersion = 15.0.28307.757
MinimumVisualStudioVersion = 10.0.40219.1
Project("{888888A0-9F3D-457C-B088-3A5042F75D52}") = "De_NURD_Deep", "De_NURD\De_NURD_Deep.pyproj", "{07B9D663-4BC8-4016-8977-35B22D05CC4C}"
EndProject
Global
	GlobalSection(SolutionConfigurationPlatforms) = preSolution
		Debug|Any CPU = Debug|Any CPU
		Release|Any CPU = Release|Any CPU
	EndGlobalSection
	GlobalSection(ProjectConfigurationPlatforms) = postSolution
		{07B9D663-4BC8-4016-8977-35B22D05CC4C}.Debug|Any CPU.ActiveCfg = Debug|Any CPU
		{07B9D663-4BC8-4016-8977-35B22D05CC4C}.Release|Any CPU.ActiveCfg = Release|Any CPU
	EndGlobalSection
	GlobalSection(SolutionProperties) = preSolution
		HideSolutionNode = FALSE
	EndGlobalSection
	GlobalSection(ExtensibilityGlobals) = postSolution
		SolutionGuid = {B534CFBE-F20B-4816-AA99-931BA28498EE}
	EndGlobalSection
EndGlobal
