
Microsoft Visual Studio Solution File, Format Version 12.00
# Visual Studio 15
VisualStudioVersion = 15.0.28307.572
MinimumVisualStudioVersion = 10.0.40219.1
Project("{888888A0-9F3D-457C-B088-3A5042F75D52}") = "DeepPathFinding", "DeepPathFinding.pyproj", "{BF6A4053-8842-49F4-BC13-3AA8116B1788}"
EndProject
Global
	GlobalSection(SolutionConfigurationPlatforms) = preSolution
		Debug|Any CPU = Debug|Any CPU
		Release|Any CPU = Release|Any CPU
	EndGlobalSection
	GlobalSection(ProjectConfigurationPlatforms) = postSolution
		{BF6A4053-8842-49F4-BC13-3AA8116B1788}.Debug|Any CPU.ActiveCfg = Debug|Any CPU
		{BF6A4053-8842-49F4-BC13-3AA8116B1788}.Release|Any CPU.ActiveCfg = Release|Any CPU
	EndGlobalSection
	GlobalSection(SolutionProperties) = preSolution
		HideSolutionNode = FALSE
	EndGlobalSection
	GlobalSection(ExtensibilityGlobals) = postSolution
		SolutionGuid = {EA37845B-ED43-4F70-84CF-F525D31EB687}
	EndGlobalSection
EndGlobal
